
Microsoft Visual Studio Solution File, Format Version 12.00
# Visual Studio 2010
Project("{FAE04EC0-301F-11D3-BF4B-00C04F79EFBC}") = "DynamoSAP", "DynamoSAP\DynamoSAP.csproj", "{6DA1EAC6-BAE8-4A05-8880-24CC11EAB491}"
	ProjectSection(ProjectDependencies) = postProject
		{C9658348-ABB5-4369-80B9-EB46F21DF577} = {C9658348-ABB5-4369-80B9-EB46F21DF577}
		{EABB6380-E55A-4726-8355-46DFD260E878} = {EABB6380-E55A-4726-8355-46DFD260E878}
	EndProjectSection
EndProject
Project("{FAE04EC0-301F-11D3-BF4B-00C04F79EFBC}") = "SAPConnection", "SAPConnection\SAPConnection.csproj", "{C9658348-ABB5-4369-80B9-EB46F21DF577}"
EndProject
Project("{FAE04EC0-301F-11D3-BF4B-00C04F79EFBC}") = "DynamoSAP_UI", "DynamoSAP_UI\DynamoSAP_UI.csproj", "{EABB6380-E55A-4726-8355-46DFD260E878}"
EndProject
Project("{FAE04EC0-301F-11D3-BF4B-00C04F79EFBC}") = "DynamoSAPTests", "DynamoSAPTests\DynamoSAPTests.csproj", "{1574EBAF-CED5-46B6-8FBC-DC6C96A27688}"
	ProjectSection(ProjectDependencies) = postProject
		{C9658348-ABB5-4369-80B9-EB46F21DF577} = {C9658348-ABB5-4369-80B9-EB46F21DF577}
		{6DA1EAC6-BAE8-4A05-8880-24CC11EAB491} = {6DA1EAC6-BAE8-4A05-8880-24CC11EAB491}
	EndProjectSection
EndProject
Global
	GlobalSection(SolutionConfigurationPlatforms) = preSolution
		Debug|Any CPU = Debug|Any CPU
		Release|Any CPU = Release|Any CPU
	EndGlobalSection
	GlobalSection(ProjectConfigurationPlatforms) = postSolution
		{6DA1EAC6-BAE8-4A05-8880-24CC11EAB491}.Debug|Any CPU.ActiveCfg = Debug|Any CPU
		{6DA1EAC6-BAE8-4A05-8880-24CC11EAB491}.Debug|Any CPU.Build.0 = Debug|Any CPU
		{6DA1EAC6-BAE8-4A05-8880-24CC11EAB491}.Release|Any CPU.ActiveCfg = Release|Any CPU
		{6DA1EAC6-BAE8-4A05-8880-24CC11EAB491}.Release|Any CPU.Build.0 = Release|Any CPU
		{C9658348-ABB5-4369-80B9-EB46F21DF577}.Debug|Any CPU.ActiveCfg = Debug|Any CPU
		{C9658348-ABB5-4369-80B9-EB46F21DF577}.Debug|Any CPU.Build.0 = Debug|Any CPU
		{C9658348-ABB5-4369-80B9-EB46F21DF577}.Release|Any CPU.ActiveCfg = Release|Any CPU
		{C9658348-ABB5-4369-80B9-EB46F21DF577}.Release|Any CPU.Build.0 = Release|Any CPU
		{EABB6380-E55A-4726-8355-46DFD260E878}.Debug|Any CPU.ActiveCfg = Debug|Any CPU
		{EABB6380-E55A-4726-8355-46DFD260E878}.Debug|Any CPU.Build.0 = Debug|Any CPU
		{EABB6380-E55A-4726-8355-46DFD260E878}.Release|Any CPU.ActiveCfg = Release|Any CPU
		{EABB6380-E55A-4726-8355-46DFD260E878}.Release|Any CPU.Build.0 = Release|Any CPU
		{1574EBAF-CED5-46B6-8FBC-DC6C96A27688}.Debug|Any CPU.ActiveCfg = Debug|Any CPU
		{1574EBAF-CED5-46B6-8FBC-DC6C96A27688}.Debug|Any CPU.Build.0 = Debug|Any CPU
		{1574EBAF-CED5-46B6-8FBC-DC6C96A27688}.Release|Any CPU.ActiveCfg = Release|Any CPU
		{1574EBAF-CED5-46B6-8FBC-DC6C96A27688}.Release|Any CPU.Build.0 = Release|Any CPU
	EndGlobalSection
	GlobalSection(SolutionProperties) = preSolution
		HideSolutionNode = FALSE
	EndGlobalSection
EndGlobal
